{
  "pins" : [
    {
      "identity" : "factory",
      "kind" : "remoteSourceControl",
      "location" : "https://github.com/hmlongco/Factory",
      "state" : {
        "branch" : "main",
        "revision" : "0329984fb33170b39551e99f8df18052d6136cb9"
      }
    },
    {
      "identity" : "swiftuiflow",
      "kind" : "remoteSourceControl",
      "location" : "https://github.com/ciaranrobrien/SwiftUIFlow",
      "state" : {
        "branch" : "main",
        "revision" : "b300d3c0110116f3520066dfb8dcf3006cf593c3"
      }
    }
  ],
  "version" : 2
}
